PODS:
  - camera_avfoundation (0.0.1):
    - Flutter
  - Flutter (1.0.0)
  - flutter_tts (0.0.1):
    - Flutter
  - path_provider_foundation (0.0.1):
    - Flutter
    - FlutterMacOS
  - permission_handler_apple (9.3.0):
    - Flutter
  - record_ios (1.0.0):
    - Flutter
  - sensors_plus (0.0.1):
    - Flutter
  - video_player_avfoundation (0.0.1):
    - Flutter
    - FlutterMacOS

DEPENDENCIES:
  - camera_avfoundation (from `.symlinks/plugins/camera_avfoundation/ios`)
  - Flutter (from `Flutter`)
  - flutter_tts (from `.symlinks/plugins/flutter_tts/ios`)
  - path_provider_foundation (from `.symlinks/plugins/path_provider_foundation/darwin`)
  - permission_handler_apple (from `.symlinks/plugins/permission_handler_apple/ios`)
  - record_ios (from `.symlinks/plugins/record_ios/ios`)
  - sensors_plus (from `.symlinks/plugins/sensors_plus/ios`)
  - video_player_avfoundation (from `.symlinks/plugins/video_player_avfoundation/darwin`)

EXTERNAL SOURCES:
  camera_avfoundation:
    :path: ".symlinks/plugins/camera_avfoundation/ios"
  Flutter:
    :path: Flutter
  flutter_tts:
    :path: ".symlinks/plugins/flutter_tts/ios"
  path_provider_foundation:
    :path: ".symlinks/plugins/path_provider_foundation/darwin"
  permission_handler_apple:
    :path: ".symlinks/plugins/permission_handler_apple/ios"
  record_ios:
    :path: ".symlinks/plugins/record_ios/ios"
  sensors_plus:
    :path: ".symlinks/plugins/sensors_plus/ios"
  video_player_avfoundation:
    :path: ".symlinks/plugins/video_player_avfoundation/darwin"

SPEC CHECKSUMS:
  camera_avfoundation: be3be85408cd4126f250386828e9b1dfa40ab436
  Flutter: e0871f40cf51350855a761d2e70bf5af5b9b5de7
  flutter_tts: b88dbc8655d3dc961bc4a796e4e16a4cc1795833
  path_provider_foundation: 080d55be775b7414fd5a5ef3ac137b97b097e564
  permission_handler_apple: 4ed2196e43d0651e8ff7ca3483a069d469701f2d
  record_ios: fee1c924aa4879b882ebca2b4bce6011bcfc3d8b
  sensors_plus: 6a11ed0c2e1d0bd0b20b4029d3bad27d96e0c65b
  video_player_avfoundation: 2cef49524dd1f16c5300b9cd6efd9611ce03639b

PODFILE CHECKSUM: b72335fd787480a898f2c1e8aa00874424523b3a

COCOAPODS: 1.16.2
